// !$*UTF8*$!
{
	archiveVersion = 1;
	classes = {
	};
	objectVersion = 56;
	objects = {

/* Begin PBXBuildFile section */
		F172C6E629C99AEC003EFBC6 /* CookingApp.swift in Sources */ = {isa = PBXBuildFile; fileRef = F172C6E529C99AEC003EFBC6 /* CookingApp.swift */; };
		F172C6EA29C99AEF003EFBC6 /* Assets.xcassets in Resources */ = {isa = PBXBuildFile; fileRef = F172C6E929C99AEF003EFBC6 /* Assets.xcassets */; };
		F172C6ED29C99AEF003EFBC6 /* Preview Assets.xcassets in Resources */ = {isa = PBXBuildFile; fileRef = F172C6EC29C99AEF003EFBC6 /* Preview Assets.xcassets */; };
		F172C6F729C9A1BA003EFBC6 /* LoginView.swift in Sources */ = {isa = PBXBuildFile; fileRef = F172C6F629C9A1BA003EFBC6 /* LoginView.swift */; };
		F172C6FA29C9C300003EFBC6 /* Image.swift in Sources */ = {isa = PBXBuildFile; fileRef = F172C6F929C9C300003EFBC6 /* Image.swift */; };
		F172C6FC29C9C397003EFBC6 /* Color.swift in Sources */ = {isa = PBXBuildFile; fileRef = F172C6FB29C9C397003EFBC6 /* Color.swift */; };
		F172C6FF29C9C84F003EFBC6 /* WelcomeView.swift in Sources */ = {isa = PBXBuildFile; fileRef = F172C6FE29C9C84F003EFBC6 /* WelcomeView.swift */; };
		F172C70229C9C9A7003EFBC6 /* HomeView.swift in Sources */ = {isa = PBXBuildFile; fileRef = F172C70129C9C9A6003EFBC6 /* HomeView.swift */; };
/* End PBXBuildFile section */

/* Begin PBXFileReference section */
		F172C6E229C99AEC003EFBC6 /* CookingAppUIDesign.app */ = {isa = PBXFileReference; explicitFileType = wrapper.application; includeInIndex = 0; path = CookingAppUIDesign.app; sourceTree = BUILT_PRODUCTS_DIR; };
		F172C6E529C99AEC003EFBC6 /* CookingApp.swift */ = {isa = PBXFileReference; lastKnownFileType = sourcecode.swift; path = CookingApp.swift; sourceTree = "<group>"; };
		F172C6E929C99AEF003EFBC6 /* Assets.xcassets */ = {isa = PBXFileReference; lastKnownFileType = folder.assetcatalog; path = Assets.xcassets; sourceTree = "<group>"; };
		F172C6EC29C99AEF003EFBC6 /* Preview Assets.xcassets */ = {isa = PBXFileReference; lastKnownFileType = folder.assetcatalog; path = "Preview Assets.xcassets"; sourceTree = "<group>"; };
		F172C6F629C9A1BA003EFBC6 /* LoginView.swift */ = {isa = PBXFileReference; lastKnownFileType = sourcecode.swift; path = LoginView.swift; sourceTree = "<group>"; };
		F172C6F929C9C300003EFBC6 /* Image.swift */ = {isa = PBXFileReference; lastKnownFileType = sourcecode.swift; path = Image.swift; sourceTree = "<group>"; };
		F172C6FB29C9C397003EFBC6 /* Color.swift */ = {isa = PBXFileReference; lastKnownFileType = sourcecode.swift; path = Color.swift; sourceTree = "<group>"; };
		F172C6FE29C9C84F003EFBC6 /* WelcomeView.swift */ = {isa = PBXFileReference; lastKnownFileType = sourcecode.swift; path = WelcomeView.swift; sourceTree = "<group>"; };
		F172C70129C9C9A6003EFBC6 /* HomeView.swift */ = {isa = PBXFileReference; lastKnownFileType = sourcecode.swift; path = HomeView.swift; sourceTree = "<group>"; };
/* End PBXFileReference section */

/* Begin PBXFrameworksBuildPhase section */
		F172C6DF29C99AEC003EFBC6 /* Frameworks */ = {
			isa = PBXFrameworksBuildPhase;
			buildActionMask = 2147483647;
			files = (
			);
			runOnlyForDeploymentPostprocessing = 0;
		};
/* End PBXFrameworksBuildPhase section */

/* Begin PBXGroup section */
		F172C6D929C99AEC003EFBC6 = {
			isa = PBXGroup;
			children = (
				F172C6E429C99AEC003EFBC6 /* CookingAppUIDesign */,
				F172C6E329C99AEC003EFBC6 /* Products */,
			);
			sourceTree = "<group>";
		};
		F172C6E329C99AEC003EFBC6 /* Products */ = {
			isa = PBXGroup;
			children = (
				F172C6E229C99AEC003EFBC6 /* CookingAppUIDesign.app */,
			);
			name = Products;
			sourceTree = "<group>";
		};
		F172C6E429C99AEC003EFBC6 /* CookingAppUIDesign */ = {
			isa = PBXGroup;
			children = (
				F172C6F329C9A0A5003EFBC6 /* Features */,
				F172C6E529C99AEC003EFBC6 /* CookingApp.swift */,
				F172C6E929C99AEF003EFBC6 /* Assets.xcassets */,
				F172C6EB29C99AEF003EFBC6 /* Preview Content */,
			);
			path = CookingAppUIDesign;
			sourceTree = "<group>";
		};
		F172C6EB29C99AEF003EFBC6 /* Preview Content */ = {
			isa = PBXGroup;
			children = (
				F172C6EC29C99AEF003EFBC6 /* Preview Assets.xcassets */,
			);
			path = "Preview Content";
			sourceTree = "<group>";
		};
		F172C6F329C9A0A5003EFBC6 /* Features */ = {
			isa = PBXGroup;
			children = (
				F172C6F429C9A0AB003EFBC6 /* Base */,
				F172C6F529C9A19F003EFBC6 /* Auth */,
				F172C6FD29C9C83A003EFBC6 /* Welcome */,
				F172C70029C9C986003EFBC6 /* Home */,
			);
			path = Features;
			sourceTree = "<group>";
		};
		F172C6F429C9A0AB003EFBC6 /* Base */ = {
			isa = PBXGroup;
			children = (
				F172C6F829C9C2F3003EFBC6 /* Extensions */,
			);
			path = Base;
			sourceTree = "<group>";
		};
		F172C6F529C9A19F003EFBC6 /* Auth */ = {
			isa = PBXGroup;
			children = (
				F172C6F629C9A1BA003EFBC6 /* LoginView.swift */,
			);
			path = Auth;
			sourceTree = "<group>";
		};
		F172C6F829C9C2F3003EFBC6 /* Extensions */ = {
			isa = PBXGroup;
			children = (
				F172C6F929C9C300003EFBC6 /* Image.swift */,
				F172C6FB29C9C397003EFBC6 /* Color.swift */,
			);
			path = Extensions;
			sourceTree = "<group>";
		};
		F172C6FD29C9C83A003EFBC6 /* Welcome */ = {
			isa = PBXGroup;
			children = (
				F172C6FE29C9C84F003EFBC6 /* WelcomeView.swift */,
			);
			path = Welcome;
			sourceTree = "<group>";
		};
		F172C70029C9C986003EFBC6 /* Home */ = {
			isa = PBXGroup;
			children = (
				F172C70129C9C9A6003EFBC6 /* HomeView.swift */,
			);
			path = Home;
			sourceTree = "<group>";
		};
/* End PBXGroup section */

/* Begin PBXNativeTarget section */
		F172C6E129C99AEC003EFBC6 /* CookingAppUIDesign */ = {
			isa = PBXNativeTarget;
			buildConfigurationList = F172C6F029C99AEF003EFBC6 /* Build configuration list for PBXNativeTarget "CookingAppUIDesign" */;
			buildPhases = (
				F172C6DE29C99AEC003EFBC6 /* Sources */,
				F172C6DF29C99AEC003EFBC6 /* Frameworks */,
				F172C6E029C99AEC003EFBC6 /* Resources */,
			);
			buildRules = (
			);
			dependencies = (
			);
			name = CookingAppUIDesign;
			productName = CookingAppUIDesign;
			productReference = F172C6E229C99AEC003EFBC6 /* CookingAppUIDesign.app */;
			productType = "com.apple.product-type.application";
		};
/* End PBXNativeTarget section */

/* Begin PBXProject section */
		F172C6DA29C99AEC003EFBC6 /* Project object */ = {
			isa = PBXProject;
			attributes = {
				BuildIndependentTargetsInParallel = 1;
				LastSwiftUpdateCheck = 1410;
				LastUpgradeCheck = 1410;
				TargetAttributes = {
					F172C6E129C99AEC003EFBC6 = {
						CreatedOnToolsVersion = 14.1;
					};
				};
			};
			buildConfigurationList = F172C6DD29C99AEC003EFBC6 /* Build configuration list for PBXProject "CookingAppUIDesign" */;
			compatibilityVersion = "Xcode 14.0";
			developmentRegion = en;
			hasScannedForEncodings = 0;
			knownRegions = (
				en,
				Base,
			);
			mainGroup = F172C6D929C99AEC003EFBC6;
			productRefGroup = F172C6E329C99AEC003EFBC6 /* Products */;
			projectDirPath = "";
			projectRoot = "";
			targets = (
				F172C6E129C99AEC003EFBC6 /* CookingAppUIDesign */,
			);
		};
/* End PBXProject section */

/* Begin PBXResourcesBuildPhase section */
		F172C6E029C99AEC003EFBC6 /* Resources */ = {
			isa = PBXResourcesBuildPhase;
			buildActionMask = 2147483647;
			files = (
				F172C6ED29C99AEF003EFBC6 /* Preview Assets.xcassets in Resources */,
				F172C6EA29C99AEF003EFBC6 /* Assets.xcassets in Resources */,
			);
			runOnlyForDeploymentPostprocessing = 0;
		};
/* End PBXResourcesBuildPhase section */

/* Begin PBXSourcesBuildPhase section */
		F172C6DE29C99AEC003EFBC6 /* Sources */ = {
			isa = PBXSourcesBuildPhase;
			buildActionMask = 2147483647;
			files = (
				F172C6FF29C9C84F003EFBC6 /* WelcomeView.swift in Sources */,
				F172C6F729C9A1BA003EFBC6 /* LoginView.swift in Sources */,
				F172C6FC29C9C397003EFBC6 /* Color.swift in Sources */,
				F172C70229C9C9A7003EFBC6 /* HomeView.swift in Sources */,
				F172C6FA29C9C300003EFBC6 /* Image.swift in Sources */,
				F172C6E629C99AEC003EFBC6 /* CookingApp.swift in Sources */,
			);
			runOnlyForDeploymentPostprocessing = 0;
		};
/* End PBXSourcesBuildPhase section */

/* Begin XCBuildConfiguration section */
		F172C6EE29C99AEF003EFBC6 /* Debug */ = {
			isa = XCBuildConfiguration;
			buildSettings = {
				ALWAYS_SEARCH_USER_PATHS = NO;
				CLANG_ANALYZER_NONNULL = YES;
				CLANG_ANALYZER_NUMBER_OBJECT_CONVERSION = YES_AGGRESSIVE;
				CLANG_CXX_LANGUAGE_STANDARD = "gnu++20";
				CLANG_ENABLE_MODULES = YES;
				CLANG_ENABLE_OBJC_ARC = YES;
				CLANG_ENABLE_OBJC_WEAK = YES;
				CLANG_WARN_BLOCK_CAPTURE_AUTORELEASING = YES;
				CLANG_WARN_BOOL_CONVERSION = YES;
				CLANG_WARN_COMMA = YES;
				CLANG_WARN_CONSTANT_CONVERSION = YES;
				CLANG_WARN_DEPRECATED_OBJC_IMPLEMENTATIONS = YES;
				CLANG_WARN_DIRECT_OBJC_ISA_USAGE = YES_ERROR;
				CLANG_WARN_DOCUMENTATION_COMMENTS = YES;
				CLANG_WARN_EMPTY_BODY = YES;
				CLANG_WARN_ENUM_CONVERSION = YES;
				CLANG_WARN_INFINITE_RECURSION = YES;
				CLANG_WARN_INT_CONVERSION = YES;
				CLANG_WARN_NON_LITERAL_NULL_CONVERSION = YES;
				CLANG_WARN_OBJC_IMPLICIT_RETAIN_SELF = YES;
				CLANG_WARN_OBJC_LITERAL_CONVERSION = YES;
				CLANG_WARN_OBJC_ROOT_CLASS = YES_ERROR;
				CLANG_WARN_QUOTED_INCLUDE_IN_FRAMEWORK_HEADER = YES;
				CLANG_WARN_RANGE_LOOP_ANALYSIS = YES;
				CLANG_WARN_STRICT_PROTOTYPES = YES;
				CLANG_WARN_SUSPICIOUS_MOVE = YES;
				CLANG_WARN_UNGUARDED_AVAILABILITY = YES_AGGRESSIVE;
				CLANG_WARN_UNREACHABLE_CODE = YES;
				CLANG_WARN__DUPLICATE_METHOD_MATCH = YES;
				COPY_PHASE_STRIP = NO;
				DEBUG_INFORMATION_FORMAT = dwarf;
				ENABLE_STRICT_OBJC_MSGSEND = YES;
				ENABLE_TESTABILITY = YES;
				GCC_C_LANGUAGE_STANDARD = gnu11;
				GCC_DYNAMIC_NO_PIC = NO;
				GCC_NO_COMMON_BLOCKS = YES;
				GCC_OPTIMIZATION_LEVEL = 0;
				GCC_PREPROCESSOR_DEFINITIONS = (
					"DEBUG=1",
					"$(inherited)",
				);
				GCC_WARN_64_TO_32_BIT_CONVERSION = YES;
				GCC_WARN_ABOUT_RETURN_TYPE = YES_ERROR;
				GCC_WARN_UNDECLARED_SELECTOR = YES;
				GCC_WARN_UNINITIALIZED_AUTOS = YES_AGGRESSIVE;
				GCC_WARN_UNUSED_FUNCTION = YES;
				GCC_WARN_UNUSED_VARIABLE = YES;
				IPHONEOS_DEPLOYMENT_TARGET = 16.1;
				MTL_ENABLE_DEBUG_INFO = INCLUDE_SOURCE;
				MTL_FAST_MATH = YES;
				ONLY_ACTIVE_ARCH = YES;
				SDKROOT = iphoneos;
				SWIFT_ACTIVE_COMPILATION_CONDITIONS = DEBUG;
				SWIFT_OPTIMIZATION_LEVEL = "-Onone";
			};
			name = Debug;
		};
		F172C6EF29C99AEF003EFBC6 /* Release */ = {
			isa = XCBuildConfiguration;
			buildSettings = {
				ALWAYS_SEARCH_USER_PATHS = NO;
				CLANG_ANALYZER_NONNULL = YES;
				CLANG_ANALYZER_NUMBER_OBJECT_CONVERSION = YES_AGGRESSIVE;
				CLANG_CXX_LANGUAGE_STANDARD = "gnu++20";
				CLANG_ENABLE_MODULES = YES;
				CLANG_ENABLE_OBJC_ARC = YES;
				CLANG_ENABLE_OBJC_WEAK = YES;
				CLANG_WARN_BLOCK_CAPTURE_AUTORELEASING = YES;
				CLANG_WARN_BOOL_CONVERSION = YES;
				CLANG_WARN_COMMA = YES;
				CLANG_WARN_CONSTANT_CONVERSION = YES;
				CLANG_WARN_DEPRECATED_OBJC_IMPLEMENTATIONS = YES;
				CLANG_WARN_DIRECT_OBJC_ISA_USAGE = YES_ERROR;
				CLANG_WARN_DOCUMENTATION_COMMENTS = YES;
				CLANG_WARN_EMPTY_BODY = YES;
				CLANG_WARN_ENUM_CONVERSION = YES;
				CLANG_WARN_INFINITE_RECURSION = YES;
				CLANG_WARN_INT_CONVERSION = YES;
				CLANG_WARN_NON_LITERAL_NULL_CONVERSION = YES;
				CLANG_WARN_OBJC_IMPLICIT_RETAIN_SELF = YES;
				CLANG_WARN_OBJC_LITERAL_CONVERSION = YES;
				CLANG_WARN_OBJC_ROOT_CLASS = YES_ERROR;
				CLANG_WARN_QUOTED_INCLUDE_IN_FRAMEWORK_HEADER = YES;
				CLANG_WARN_RANGE_LOOP_ANALYSIS = YES;
				CLANG_WARN_STRICT_PROTOTYPES = YES;
				CLANG_WARN_SUSPICIOUS_MOVE = YES;
				CLANG_WARN_UNGUARDED_AVAILABILITY = YES_AGGRESSIVE;
				CLANG_WARN_UNREACHABLE_CODE = YES;
				CLANG_WARN__DUPLICATE_METHOD_MATCH = YES;
				COPY_PHASE_STRIP = NO;
				DEBUG_INFORMATION_FORMAT = "dwarf-with-dsym";
				ENABLE_NS_ASSERTIONS = NO;
				ENABLE_STRICT_OBJC_MSGSEND = YES;
				GCC_C_LANGUAGE_STANDARD = gnu11;
				GCC_NO_COMMON_BLOCKS = YES;
				GCC_WARN_64_TO_32_BIT_CONVERSION = YES;
				GCC_WARN_ABOUT_RETURN_TYPE = YES_ERROR;
				GCC_WARN_UNDECLARED_SELECTOR = YES;
				GCC_WARN_UNINITIALIZED_AUTOS = YES_AGGRESSIVE;
				GCC_WARN_UNUSED_FUNCTION = YES;
				GCC_WARN_UNUSED_VARIABLE = YES;
				IPHONEOS_DEPLOYMENT_TARGET = 16.1;
				MTL_ENABLE_DEBUG_INFO = NO;
				MTL_FAST_MATH = YES;
				SDKROOT = iphoneos;
				SWIFT_COMPILATION_MODE = wholemodule;
				SWIFT_OPTIMIZATION_LEVEL = "-O";
				VALIDATE_PRODUCT = YES;
			};
			name = Release;
		};
		F172C6F129C99AEF003EFBC6 /* Debug */ = {
			isa = XCBuildConfiguration;
			buildSettings = {
				ASSETCATALOG_COMPILER_APPICON_NAME = AppIcon;
				ASSETCATALOG_COMPILER_GLOBAL_ACCENT_COLOR_NAME = AccentColor;
				CODE_SIGN_STYLE = Automatic;
				CURRENT_PROJECT_VERSION = 1;
				DEVELOPMENT_ASSET_PATHS = "\"CookingAppUIDesign/Preview Content\"";
				DEVELOPMENT_TEAM = U3QLWV6K6Y;
				ENABLE_PREVIEWS = YES;
				GENERATE_INFOPLIST_FILE = YES;
				INFOPLIST_KEY_UIApplicationSceneManifest_Generation = YES;
				INFOPLIST_KEY_UIApplicationSupportsIndirectInputEvents = YES;
				INFOPLIST_KEY_UILaunchScreen_Generation = YES;
				INFOPLIST_KEY_UISupportedInterfaceOrientations_iPad = "UIInterfaceOrientationPortrait UIInterfaceOrientationPortraitUpsideDown UIInterfaceOrientationLandscapeLeft UIInterfaceOrientationLandscapeRight";
				INFOPLIST_KEY_UISupportedInterfaceOrientations_iPhone = "UIInterfaceOrientationPortrait UIInterfaceOrientationLandscapeLeft UIInterfaceOrientationLandscapeRight";
				LD_RUNPATH_SEARCH_PATHS = (
					"$(inherited)",
					"@executable_path/Frameworks",
				);
				MARKETING_VERSION = 1.0;
				PRODUCT_BUNDLE_IDENTIFIER = com.aali.CookingAppUIDesign;
				PRODUCT_NAME = "$(TARGET_NAME)";
				SWIFT_EMIT_LOC_STRINGS = YES;
				SWIFT_VERSION = 5.0;
				TARGETED_DEVICE_FAMILY = "1,2";
			};
			name = Debug;
		};
		F172C6F229C99AEF003EFBC6 /* Release */ = {
			isa = XCBuildConfiguration;
			buildSettings = {
				ASSETCATALOG_COMPILER_APPICON_NAME = AppIcon;
				ASSETCATALOG_COMPILER_GLOBAL_ACCENT_COLOR_NAME = AccentColor;
				CODE_SIGN_STYLE = Automatic;
				CURRENT_PROJECT_VERSION = 1;
				DEVELOPMENT_ASSET_PATHS = "\"CookingAppUIDesign/Preview Content\"";
				DEVELOPMENT_TEAM = U3QLWV6K6Y;
				ENABLE_PREVIEWS = YES;
				GENERATE_INFOPLIST_FILE = YES;
				INFOPLIST_KEY_UIApplicationSceneManifest_Generation = YES;
				INFOPLIST_KEY_UIApplicationSupportsIndirectInputEvents = YES;
				INFOPLIST_KEY_UILaunchScreen_Generation = YES;
				INFOPLIST_KEY_UISupportedInterfaceOrientations_iPad = "UIInterfaceOrientationPortrait UIInterfaceOrientationPortraitUpsideDown UIInterfaceOrientationLandscapeLeft UIInterfaceOrientationLandscapeRight";
				INFOPLIST_KEY_UISupportedInterfaceOrientations_iPhone = "UIInterfaceOrientationPortrait UIInterfaceOrientationLandscapeLeft UIInterfaceOrientationLandscapeRight";
				LD_RUNPATH_SEARCH_PATHS = (
					"$(inherited)",
					"@executable_path/Frameworks",
				);
				MARKETING_VERSION = 1.0;
				PRODUCT_BUNDLE_IDENTIFIER = com.aali.CookingAppUIDesign;
				PRODUCT_NAME = "$(TARGET_NAME)";
				SWIFT_EMIT_LOC_STRINGS = YES;
				SWIFT_VERSION = 5.0;
				TARGETED_DEVICE_FAMILY = "1,2";
			};
			name = Release;
		};
/* End XCBuildConfiguration section */

/* Begin XCConfigurationList section */
		F172C6DD29C99AEC003EFBC6 /* Build configuration list for PBXProject "CookingAppUIDesign" */ = {
			isa = XCConfigurationList;
			buildConfigurations = (
				F172C6EE29C99AEF003EFBC6 /* Debug */,
				F172C6EF29C99AEF003EFBC6 /* Release */,
			);
			defaultConfigurationIsVisible = 0;
			defaultConfigurationName = Release;
		};
		F172C6F029C99AEF003EFBC6 /* Build configuration list for PBXNativeTarget "CookingAppUIDesign" */ = {
			isa = XCConfigurationList;
			buildConfigurations = (
				F172C6F129C99AEF003EFBC6 /* Debug */,
				F172C6F229C99AEF003EFBC6 /* Release */,
			);
			defaultConfigurationIsVisible = 0;
			defaultConfigurationName = Release;
		};
/* End XCConfigurationList section */
	};
	rootObject = F172C6DA29C99AEC003EFBC6 /* Project object */;
}
